
Microsoft Visual Studio Solution File, Format Version 12.00
# Visual Studio Version 16
VisualStudioVersion = 16.0.31205.134
MinimumVisualStudioVersion = 10.0.40219.1
Project("{2150E333-8FDC-42A3-9474-1A3956D46DE8}") = "Solution Items", "Solution Items", "{9038637D-35D9-4862-955A-DA33969A0463}"
	ProjectSection(SolutionItems) = preProject
		..\README.md = ..\README.md
	EndProjectSection
EndProject
Project("{9A19103F-16F7-4668-BE54-9A1E7A4F7556}") = "Targil0", "Targil0\Targil0.csproj", "{E612665F-DA9A-490C-8F9F-B3B9CAEAACEB}"
EndProject
Project("{9A19103F-16F7-4668-BE54-9A1E7A4F7556}") = "ConsoleUI", "ConsoleUI\ConsoleUI.csproj", "{1B727CEB-C304-4B20-A10B-9041B8A5210D}"
EndProject
Project("{9A19103F-16F7-4668-BE54-9A1E7A4F7556}") = "BL", "BL\BL.csproj", "{F8C83696-50C6-4196-BF6B-29A9DE99AB5C}"
EndProject
Project("{9A19103F-16F7-4668-BE54-9A1E7A4F7556}") = "ConsoleUI_BL", "ConsoleUI_BL\ConsoleUI_BL.csproj", "{283F292E-A95B-4464-9F88-24922713F355}"
EndProject
Project("{9A19103F-16F7-4668-BE54-9A1E7A4F7556}") = "PL", "PL\PL.csproj", "{27BC9515-6004-4CF5-B310-E88F799A1B13}"
	ProjectSection(ProjectDependencies) = postProject
		{F8C83696-50C6-4196-BF6B-29A9DE99AB5C} = {F8C83696-50C6-4196-BF6B-29A9DE99AB5C}
	EndProjectSection
EndProject
Project("{9A19103F-16F7-4668-BE54-9A1E7A4F7556}") = "DalObject", "DalObject\DalObject.csproj", "{13B26330-1378-4CE8-848E-588151F3238F}"
EndProject
Project("{9A19103F-16F7-4668-BE54-9A1E7A4F7556}") = "DalXML", "DalXML\DalXML.csproj", "{4FBF868B-E1D2-48A7-BF0F-141B71DA87CA}"
EndProject
Project("{9A19103F-16F7-4668-BE54-9A1E7A4F7556}") = "DalFacade", "DalFacade\DalFacade.csproj", "{FB4976D6-5928-432E-B60A-0F472035B738}"
EndProject
Project("{2150E333-8FDC-42A3-9474-1A3956D46DE8}") = "xml", "xml", "{21A3E73D-84AB-49B6-B667-C3CC6D43CA70}"
	ProjectSection(SolutionItems) = preProject
		xml\dal-config.xml = xml\dal-config.xml
	EndProjectSection
EndProject
Global
	GlobalSection(SolutionConfigurationPlatforms) = preSolution
		Debug|Any CPU = Debug|Any CPU
		Release|Any CPU = Release|Any CPU
	EndGlobalSection
	GlobalSection(ProjectConfigurationPlatforms) = postSolution
		{E612665F-DA9A-490C-8F9F-B3B9CAEAACEB}.Debug|Any CPU.ActiveCfg = Debug|Any CPU
		{E612665F-DA9A-490C-8F9F-B3B9CAEAACEB}.Debug|Any CPU.Build.0 = Debug|Any CPU
		{E612665F-DA9A-490C-8F9F-B3B9CAEAACEB}.Release|Any CPU.ActiveCfg = Release|Any CPU
		{E612665F-DA9A-490C-8F9F-B3B9CAEAACEB}.Release|Any CPU.Build.0 = Release|Any CPU
		{1B727CEB-C304-4B20-A10B-9041B8A5210D}.Debug|Any CPU.ActiveCfg = Debug|Any CPU
		{1B727CEB-C304-4B20-A10B-9041B8A5210D}.Debug|Any CPU.Build.0 = Debug|Any CPU
		{1B727CEB-C304-4B20-A10B-9041B8A5210D}.Release|Any CPU.ActiveCfg = Release|Any CPU
		{1B727CEB-C304-4B20-A10B-9041B8A5210D}.Release|Any CPU.Build.0 = Release|Any CPU
		{F8C83696-50C6-4196-BF6B-29A9DE99AB5C}.Debug|Any CPU.ActiveCfg = Debug|Any CPU
		{F8C83696-50C6-4196-BF6B-29A9DE99AB5C}.Debug|Any CPU.Build.0 = Debug|Any CPU
		{F8C83696-50C6-4196-BF6B-29A9DE99AB5C}.Release|Any CPU.ActiveCfg = Release|Any CPU
		{F8C83696-50C6-4196-BF6B-29A9DE99AB5C}.Release|Any CPU.Build.0 = Release|Any CPU
		{283F292E-A95B-4464-9F88-24922713F355}.Debug|Any CPU.ActiveCfg = Debug|Any CPU
		{283F292E-A95B-4464-9F88-24922713F355}.Debug|Any CPU.Build.0 = Debug|Any CPU
		{283F292E-A95B-4464-9F88-24922713F355}.Release|Any CPU.ActiveCfg = Release|Any CPU
		{283F292E-A95B-4464-9F88-24922713F355}.Release|Any CPU.Build.0 = Release|Any CPU
		{27BC9515-6004-4CF5-B310-E88F799A1B13}.Debug|Any CPU.ActiveCfg = Debug|Any CPU
		{27BC9515-6004-4CF5-B310-E88F799A1B13}.Debug|Any CPU.Build.0 = Debug|Any CPU
		{27BC9515-6004-4CF5-B310-E88F799A1B13}.Release|Any CPU.ActiveCfg = Release|Any CPU
		{27BC9515-6004-4CF5-B310-E88F799A1B13}.Release|Any CPU.Build.0 = Release|Any CPU
		{13B26330-1378-4CE8-848E-588151F3238F}.Debug|Any CPU.ActiveCfg = Debug|Any CPU
		{13B26330-1378-4CE8-848E-588151F3238F}.Debug|Any CPU.Build.0 = Debug|Any CPU
		{13B26330-1378-4CE8-848E-588151F3238F}.Release|Any CPU.ActiveCfg = Release|Any CPU
		{13B26330-1378-4CE8-848E-588151F3238F}.Release|Any CPU.Build.0 = Release|Any CPU
		{4FBF868B-E1D2-48A7-BF0F-141B71DA87CA}.Debug|Any CPU.ActiveCfg = Debug|Any CPU
		{4FBF868B-E1D2-48A7-BF0F-141B71DA87CA}.Debug|Any CPU.Build.0 = Debug|Any CPU
		{4FBF868B-E1D2-48A7-BF0F-141B71DA87CA}.Release|Any CPU.ActiveCfg = Release|Any CPU
		{4FBF868B-E1D2-48A7-BF0F-141B71DA87CA}.Release|Any CPU.Build.0 = Release|Any CPU
		{FB4976D6-5928-432E-B60A-0F472035B738}.Debug|Any CPU.ActiveCfg = Debug|Any CPU
		{FB4976D6-5928-432E-B60A-0F472035B738}.Debug|Any CPU.Build.0 = Debug|Any CPU
		{FB4976D6-5928-432E-B60A-0F472035B738}.Release|Any CPU.ActiveCfg = Release|Any CPU
		{FB4976D6-5928-432E-B60A-0F472035B738}.Release|Any CPU.Build.0 = Release|Any CPU
	EndGlobalSection
	GlobalSection(SolutionProperties) = preSolution
		HideSolutionNode = FALSE
	EndGlobalSection
	GlobalSection(NestedProjects) = preSolution
		{21A3E73D-84AB-49B6-B667-C3CC6D43CA70} = {9038637D-35D9-4862-955A-DA33969A0463}
	EndGlobalSection
	GlobalSection(ExtensibilityGlobals) = postSolution
		SolutionGuid = {0526EBC5-73DD-4750-820C-268E012A4198}
	EndGlobalSection
EndGlobal
