
Microsoft Visual Studio Solution File, Format Version 12.00
# Visual Studio Version 16
VisualStudioVersion = 16.0.31205.134
MinimumVisualStudioVersion = 10.0.40219.1
Project("{FAE04EC0-301F-11D3-BF4B-00C04F79EFBC}") = "Targil0", "Targil0\Targil0.csproj", "{DF062C2F-768C-4E1C-A00E-03789EADC3CF}"
EndProject
Global
	GlobalSection(SolutionConfigurationPlatforms) = preSolution
		Debug|Any CPU = Debug|Any CPU
		Release|Any CPU = Release|Any CPU
	EndGlobalSection
	GlobalSection(ProjectConfigurationPlatforms) = postSolution
		{DF062C2F-768C-4E1C-A00E-03789EADC3CF}.Debug|Any CPU.ActiveCfg = Debug|Any CPU
		{DF062C2F-768C-4E1C-A00E-03789EADC3CF}.Debug|Any CPU.Build.0 = Debug|Any CPU
		{DF062C2F-768C-4E1C-A00E-03789EADC3CF}.Release|Any CPU.ActiveCfg = Release|Any CPU
		{DF062C2F-768C-4E1C-A00E-03789EADC3CF}.Release|Any CPU.Build.0 = Release|Any CPU
	EndGlobalSection
	GlobalSection(SolutionProperties) = preSolution
		HideSolutionNode = FALSE
	EndGlobalSection
	GlobalSection(ExtensibilityGlobals) = postSolution
		SolutionGuid = {0526EBC5-73DD-4750-820C-268E012A4198}
	EndGlobalSection
EndGlobal
